
Microsoft Visual Studio Solution File, Format Version 11.00
# Visual Basic Express 2010
Project("{F184B08F-C81C-45F6-A57F-5ABD9991F28F}") = "System Information", "System Information\System Information.vbproj", "{2493D1F7-7F12-49A4-ADE7-3AC2B441CDCB}"
EndProject
Global
	GlobalSection(SolutionConfigurationPlatforms) = preSolution
		Debug|x86 = Debug|x86
		Release|x86 = Release|x86
	EndGlobalSection
	GlobalSection(ProjectConfigurationPlatforms) = postSolution
		{2493D1F7-7F12-49A4-ADE7-3AC2B441CDCB}.Debug|x86.ActiveCfg = Debug|x86
		{2493D1F7-7F12-49A4-ADE7-3AC2B441CDCB}.Debug|x86.Build.0 = Debug|x86
		{2493D1F7-7F12-49A4-ADE7-3AC2B441CDCB}.Release|x86.ActiveCfg = Release|x86
		{2493D1F7-7F12-49A4-ADE7-3AC2B441CDCB}.Release|x86.Build.0 = Release|x86
	EndGlobalSection
	GlobalSection(SolutionProperties) = preSolution
		HideSolutionNode = FALSE
	EndGlobalSection
EndGlobal
